
Microsoft Visual Studio Solution File, Format Version 12.00
# Visual Studio Version 16
VisualStudioVersion = 16.0.34031.81
MinimumVisualStudioVersion = 10.0.40219.1
Project("{FAE04EC0-301F-11D3-BF4B-00C04F79EFBC}") = "Method Class Assignment", "Method Class Assignment\Method Class Assignment.csproj", "{795C0F14-D38E-471D-9EC8-4E9F8BA95089}"
EndProject
Global
	GlobalSection(SolutionConfigurationPlatforms) = preSolution
		Debug|Any CPU = Debug|Any CPU
		Release|Any CPU = Release|Any CPU
	EndGlobalSection
	GlobalSection(ProjectConfigurationPlatforms) = postSolution
		{795C0F14-D38E-471D-9EC8-4E9F8BA95089}.Debug|Any CPU.ActiveCfg = Debug|Any CPU
		{795C0F14-D38E-471D-9EC8-4E9F8BA95089}.Debug|Any CPU.Build.0 = Debug|Any CPU
		{795C0F14-D38E-471D-9EC8-4E9F8BA95089}.Release|Any CPU.ActiveCfg = Release|Any CPU
		{795C0F14-D38E-471D-9EC8-4E9F8BA95089}.Release|Any CPU.Build.0 = Release|Any CPU
	EndGlobalSection
	GlobalSection(SolutionProperties) = preSolution
		HideSolutionNode = FALSE
	EndGlobalSection
	GlobalSection(ExtensibilityGlobals) = postSolution
		SolutionGuid = {EFDF5039-3800-4253-B9F1-67CEEB2FED0D}
	EndGlobalSection
EndGlobal
